
Microsoft Visual Studio Solution File, Format Version 12.00
Project("{FAE04EC0-301F-11D3-BF4B-00C04F79EFBC}") = "TryAtSoftware.CleanTests.Core", "TryAtSoftware.CleanTests.Core\TryAtSoftware.CleanTests.Core.csproj", "{4C4913E9-25CD-4F80-80C1-E5E3AD6C7856}"
EndProject
Global
	GlobalSection(SolutionConfigurationPlatforms) = preSolution
		Debug|Any CPU = Debug|Any CPU
		Release|Any CPU = Release|Any CPU
	EndGlobalSection
	GlobalSection(ProjectConfigurationPlatforms) = postSolution
		{4C4913E9-25CD-4F80-80C1-E5E3AD6C7856}.Debug|Any CPU.ActiveCfg = Debug|Any CPU
		{4C4913E9-25CD-4F80-80C1-E5E3AD6C7856}.Debug|Any CPU.Build.0 = Debug|Any CPU
		{4C4913E9-25CD-4F80-80C1-E5E3AD6C7856}.Release|Any CPU.ActiveCfg = Release|Any CPU
		{4C4913E9-25CD-4F80-80C1-E5E3AD6C7856}.Release|Any CPU.Build.0 = Release|Any CPU
	EndGlobalSection
EndGlobal
