
Microsoft Visual Studio Solution File, Format Version 12.00
Project("{FAE04EC0-301F-11D3-BF4B-00C04F79EFBC}") = "TryAtSoftware.CleanTests.Core", "TryAtSoftware.CleanTests.Core\TryAtSoftware.CleanTests.Core.csproj", "{4C4913E9-25CD-4F80-80C1-E5E3AD6C7856}"
EndProject
Project("{FAE04EC0-301F-11D3-BF4B-00C04F79EFBC}") = "TryAtSoftware.CleanTests.Sample", "TryAtSoftware.CleanTests.Sample\TryAtSoftware.CleanTests.Sample.csproj", "{F3345864-4915-44BF-99CF-D6329ECD4925}"
EndProject
Project("{FAE04EC0-301F-11D3-BF4B-00C04F79EFBC}") = "TryAtSoftware.CleanTests.Sample.Mathematics", "TryAtSoftware.CleanTests.Sample.Mathematics\TryAtSoftware.CleanTests.Sample.Mathematics.csproj", "{44750C3B-5E8C-430C-BFEA-5FA29BF6C3DB}"
EndProject
Project("{2150E333-8FDC-42A3-9474-1A3956D46DE8}") = "Solution items", "Solution items", "{D54D09C0-A7BA-469D-B6AD-8D85EC595AE8}"
	ProjectSection(SolutionItems) = preProject
		.editorconfig = .editorconfig
		.gitignore = .gitignore
		README.md = README.md
		.config\dotnet-tools.json = .config\dotnet-tools.json
	EndProjectSection
EndProject
Project("{2150E333-8FDC-42A3-9474-1A3956D46DE8}") = "Samples", "Samples", "{73F18833-D956-449D-A2EC-6CAA97C9E9A2}"
EndProject
Project("{2150E333-8FDC-42A3-9474-1A3956D46DE8}") = "Job Agency", "Job Agency", "{8FD16EE6-3187-4782-88A6-D6DC7159B105}"
EndProject
Project("{FAE04EC0-301F-11D3-BF4B-00C04F79EFBC}") = "JobAgency.Models", "Samples\Job Agency\JobAgency.Models\JobAgency.Models.csproj", "{BA921038-76A4-4761-8F44-41BFE9C95BEF}"
EndProject
Project("{FAE04EC0-301F-11D3-BF4B-00C04F79EFBC}") = "JobAgency.Data", "Samples\Job Agency\JobAgency.Data\JobAgency.Data.csproj", "{5A453215-30E9-48AB-A077-09520724BB49}"
EndProject
Project("{FAE04EC0-301F-11D3-BF4B-00C04F79EFBC}") = "JobAgency.CleanTests", "Samples\Job Agency\JobAgency.CleanTests\JobAgency.CleanTests.csproj", "{5839A12F-B00A-466D-A53F-C95533AA2D6B}"
EndProject
Project("{2150E333-8FDC-42A3-9474-1A3956D46DE8}") = "Tests", "Tests", "{3B620A37-D24F-4D75-B403-29ED76BF5EE0}"
EndProject
Project("{FAE04EC0-301F-11D3-BF4B-00C04F79EFBC}") = "TryAtSoftware.CleanTests.UnitTests", "Tests\TryAtSoftware.CleanTests.UnitTests\TryAtSoftware.CleanTests.UnitTests.csproj", "{D0292379-C4F2-49C9-AAE1-090BB0F835C4}"
EndProject
Project("{FAE04EC0-301F-11D3-BF4B-00C04F79EFBC}") = "TryAtSoftware.CleanTests.Benchmark", "Tests\TryAtSoftware.CleanTests.Benchmark\TryAtSoftware.CleanTests.Benchmark.csproj", "{15C6B231-CFD3-4AD9-9FE0-AC2A4A50267C}"
EndProject
Project("{2150E333-8FDC-42A3-9474-1A3956D46DE8}") = "Calculator", "Calculator", "{CD2CC8A2-EA17-4A72-A8A2-041FD24D8477}"
EndProject
Project("{FAE04EC0-301F-11D3-BF4B-00C04F79EFBC}") = "Calculator.API", "Samples\Calculator\Calculator.API\Calculator.API.csproj", "{BF5B0E4B-AFBB-4FCD-BA64-DE758C49C5E8}"
EndProject
Project("{FAE04EC0-301F-11D3-BF4B-00C04F79EFBC}") = "Calculator.CleanTests", "Samples\Calculator\Calculator.CleanTests\Calculator.CleanTests.csproj", "{42B5520A-DCDB-4B9B-ADB0-2E28009FFBE9}"
EndProject
Global
	GlobalSection(SolutionConfigurationPlatforms) = preSolution
		Debug|Any CPU = Debug|Any CPU
		Release|Any CPU = Release|Any CPU
	EndGlobalSection
	GlobalSection(ProjectConfigurationPlatforms) = postSolution
		{4C4913E9-25CD-4F80-80C1-E5E3AD6C7856}.Debug|Any CPU.ActiveCfg = Debug|Any CPU
		{4C4913E9-25CD-4F80-80C1-E5E3AD6C7856}.Debug|Any CPU.Build.0 = Debug|Any CPU
		{4C4913E9-25CD-4F80-80C1-E5E3AD6C7856}.Release|Any CPU.ActiveCfg = Release|Any CPU
		{4C4913E9-25CD-4F80-80C1-E5E3AD6C7856}.Release|Any CPU.Build.0 = Release|Any CPU
		{F3345864-4915-44BF-99CF-D6329ECD4925}.Debug|Any CPU.ActiveCfg = Debug|Any CPU
		{F3345864-4915-44BF-99CF-D6329ECD4925}.Debug|Any CPU.Build.0 = Debug|Any CPU
		{F3345864-4915-44BF-99CF-D6329ECD4925}.Release|Any CPU.ActiveCfg = Release|Any CPU
		{F3345864-4915-44BF-99CF-D6329ECD4925}.Release|Any CPU.Build.0 = Release|Any CPU
		{44750C3B-5E8C-430C-BFEA-5FA29BF6C3DB}.Debug|Any CPU.ActiveCfg = Debug|Any CPU
		{44750C3B-5E8C-430C-BFEA-5FA29BF6C3DB}.Debug|Any CPU.Build.0 = Debug|Any CPU
		{44750C3B-5E8C-430C-BFEA-5FA29BF6C3DB}.Release|Any CPU.ActiveCfg = Release|Any CPU
		{44750C3B-5E8C-430C-BFEA-5FA29BF6C3DB}.Release|Any CPU.Build.0 = Release|Any CPU
		{BA921038-76A4-4761-8F44-41BFE9C95BEF}.Debug|Any CPU.ActiveCfg = Debug|Any CPU
		{BA921038-76A4-4761-8F44-41BFE9C95BEF}.Debug|Any CPU.Build.0 = Debug|Any CPU
		{BA921038-76A4-4761-8F44-41BFE9C95BEF}.Release|Any CPU.ActiveCfg = Release|Any CPU
		{BA921038-76A4-4761-8F44-41BFE9C95BEF}.Release|Any CPU.Build.0 = Release|Any CPU
		{5A453215-30E9-48AB-A077-09520724BB49}.Debug|Any CPU.ActiveCfg = Debug|Any CPU
		{5A453215-30E9-48AB-A077-09520724BB49}.Debug|Any CPU.Build.0 = Debug|Any CPU
		{5A453215-30E9-48AB-A077-09520724BB49}.Release|Any CPU.ActiveCfg = Release|Any CPU
		{5A453215-30E9-48AB-A077-09520724BB49}.Release|Any CPU.Build.0 = Release|Any CPU
		{5839A12F-B00A-466D-A53F-C95533AA2D6B}.Debug|Any CPU.ActiveCfg = Debug|Any CPU
		{5839A12F-B00A-466D-A53F-C95533AA2D6B}.Debug|Any CPU.Build.0 = Debug|Any CPU
		{5839A12F-B00A-466D-A53F-C95533AA2D6B}.Release|Any CPU.ActiveCfg = Release|Any CPU
		{5839A12F-B00A-466D-A53F-C95533AA2D6B}.Release|Any CPU.Build.0 = Release|Any CPU
		{D0292379-C4F2-49C9-AAE1-090BB0F835C4}.Debug|Any CPU.ActiveCfg = Debug|Any CPU
		{D0292379-C4F2-49C9-AAE1-090BB0F835C4}.Debug|Any CPU.Build.0 = Debug|Any CPU
		{D0292379-C4F2-49C9-AAE1-090BB0F835C4}.Release|Any CPU.ActiveCfg = Release|Any CPU
		{D0292379-C4F2-49C9-AAE1-090BB0F835C4}.Release|Any CPU.Build.0 = Release|Any CPU
		{15C6B231-CFD3-4AD9-9FE0-AC2A4A50267C}.Debug|Any CPU.ActiveCfg = Debug|Any CPU
		{15C6B231-CFD3-4AD9-9FE0-AC2A4A50267C}.Debug|Any CPU.Build.0 = Debug|Any CPU
		{15C6B231-CFD3-4AD9-9FE0-AC2A4A50267C}.Release|Any CPU.ActiveCfg = Release|Any CPU
		{15C6B231-CFD3-4AD9-9FE0-AC2A4A50267C}.Release|Any CPU.Build.0 = Release|Any CPU
		{BF5B0E4B-AFBB-4FCD-BA64-DE758C49C5E8}.Debug|Any CPU.ActiveCfg = Debug|Any CPU
		{BF5B0E4B-AFBB-4FCD-BA64-DE758C49C5E8}.Debug|Any CPU.Build.0 = Debug|Any CPU
		{BF5B0E4B-AFBB-4FCD-BA64-DE758C49C5E8}.Release|Any CPU.ActiveCfg = Release|Any CPU
		{BF5B0E4B-AFBB-4FCD-BA64-DE758C49C5E8}.Release|Any CPU.Build.0 = Release|Any CPU
		{42B5520A-DCDB-4B9B-ADB0-2E28009FFBE9}.Debug|Any CPU.ActiveCfg = Debug|Any CPU
		{42B5520A-DCDB-4B9B-ADB0-2E28009FFBE9}.Debug|Any CPU.Build.0 = Debug|Any CPU
		{42B5520A-DCDB-4B9B-ADB0-2E28009FFBE9}.Release|Any CPU.ActiveCfg = Release|Any CPU
		{42B5520A-DCDB-4B9B-ADB0-2E28009FFBE9}.Release|Any CPU.Build.0 = Release|Any CPU
	EndGlobalSection
	GlobalSection(NestedProjects) = preSolution
		{8FD16EE6-3187-4782-88A6-D6DC7159B105} = {73F18833-D956-449D-A2EC-6CAA97C9E9A2}
		{BA921038-76A4-4761-8F44-41BFE9C95BEF} = {8FD16EE6-3187-4782-88A6-D6DC7159B105}
		{5A453215-30E9-48AB-A077-09520724BB49} = {8FD16EE6-3187-4782-88A6-D6DC7159B105}
		{5839A12F-B00A-466D-A53F-C95533AA2D6B} = {8FD16EE6-3187-4782-88A6-D6DC7159B105}
		{D0292379-C4F2-49C9-AAE1-090BB0F835C4} = {3B620A37-D24F-4D75-B403-29ED76BF5EE0}
		{15C6B231-CFD3-4AD9-9FE0-AC2A4A50267C} = {3B620A37-D24F-4D75-B403-29ED76BF5EE0}
		{CD2CC8A2-EA17-4A72-A8A2-041FD24D8477} = {73F18833-D956-449D-A2EC-6CAA97C9E9A2}
		{BF5B0E4B-AFBB-4FCD-BA64-DE758C49C5E8} = {CD2CC8A2-EA17-4A72-A8A2-041FD24D8477}
		{42B5520A-DCDB-4B9B-ADB0-2E28009FFBE9} = {CD2CC8A2-EA17-4A72-A8A2-041FD24D8477}
	EndGlobalSection
EndGlobal
